
Microsoft Visual Studio Solution File, Format Version 12.00
# Visual Studio Version 16
VisualStudioVersion = 16.0.29905.134
MinimumVisualStudioVersion = 15.0.26124.0
Project("{9A19103F-16F7-4668-BE54-9A1E7A4F7556}") = "Kulba.Services.CyanService", "Kulba.Services.CyanService\Kulba.Services.CyanService.csproj", "{3299FBE2-B448-4F4E-8D26-D9D28318284E}"
EndProject
Project("{FAE04EC0-301F-11D3-BF4B-00C04F79EFBC}") = "Kulba.Services.CyanService.Tests", "Kulba.Services.CyanService.Tests\Kulba.Services.CyanService.Tests.csproj", "{7F9A9080-8F44-497A-AB9C-0D3767384A86}"
EndProject
Global
	GlobalSection(SolutionConfigurationPlatforms) = preSolution
		Debug|Any CPU = Debug|Any CPU
		Debug|x64 = Debug|x64
		Debug|x86 = Debug|x86
		Release|Any CPU = Release|Any CPU
		Release|x64 = Release|x64
		Release|x86 = Release|x86
	EndGlobalSection
	GlobalSection(ProjectConfigurationPlatforms) = postSolution
		{3299FBE2-B448-4F4E-8D26-D9D28318284E}.Debug|Any CPU.ActiveCfg = Debug|Any CPU
		{3299FBE2-B448-4F4E-8D26-D9D28318284E}.Debug|Any CPU.Build.0 = Debug|Any CPU
		{3299FBE2-B448-4F4E-8D26-D9D28318284E}.Debug|x64.ActiveCfg = Debug|Any CPU
		{3299FBE2-B448-4F4E-8D26-D9D28318284E}.Debug|x64.Build.0 = Debug|Any CPU
		{3299FBE2-B448-4F4E-8D26-D9D28318284E}.Debug|x86.ActiveCfg = Debug|Any CPU
		{3299FBE2-B448-4F4E-8D26-D9D28318284E}.Debug|x86.Build.0 = Debug|Any CPU
		{3299FBE2-B448-4F4E-8D26-D9D28318284E}.Release|Any CPU.ActiveCfg = Release|Any CPU
		{3299FBE2-B448-4F4E-8D26-D9D28318284E}.Release|Any CPU.Build.0 = Release|Any CPU
		{3299FBE2-B448-4F4E-8D26-D9D28318284E}.Release|x64.ActiveCfg = Release|Any CPU
		{3299FBE2-B448-4F4E-8D26-D9D28318284E}.Release|x64.Build.0 = Release|Any CPU
		{3299FBE2-B448-4F4E-8D26-D9D28318284E}.Release|x86.ActiveCfg = Release|Any CPU
		{3299FBE2-B448-4F4E-8D26-D9D28318284E}.Release|x86.Build.0 = Release|Any CPU
		{7F9A9080-8F44-497A-AB9C-0D3767384A86}.Debug|Any CPU.ActiveCfg = Debug|Any CPU
		{7F9A9080-8F44-497A-AB9C-0D3767384A86}.Debug|Any CPU.Build.0 = Debug|Any CPU
		{7F9A9080-8F44-497A-AB9C-0D3767384A86}.Debug|x64.ActiveCfg = Debug|Any CPU
		{7F9A9080-8F44-497A-AB9C-0D3767384A86}.Debug|x64.Build.0 = Debug|Any CPU
		{7F9A9080-8F44-497A-AB9C-0D3767384A86}.Debug|x86.ActiveCfg = Debug|Any CPU
		{7F9A9080-8F44-497A-AB9C-0D3767384A86}.Debug|x86.Build.0 = Debug|Any CPU
		{7F9A9080-8F44-497A-AB9C-0D3767384A86}.Release|Any CPU.ActiveCfg = Release|Any CPU
		{7F9A9080-8F44-497A-AB9C-0D3767384A86}.Release|Any CPU.Build.0 = Release|Any CPU
		{7F9A9080-8F44-497A-AB9C-0D3767384A86}.Release|x64.ActiveCfg = Release|Any CPU
		{7F9A9080-8F44-497A-AB9C-0D3767384A86}.Release|x64.Build.0 = Release|Any CPU
		{7F9A9080-8F44-497A-AB9C-0D3767384A86}.Release|x86.ActiveCfg = Release|Any CPU
		{7F9A9080-8F44-497A-AB9C-0D3767384A86}.Release|x86.Build.0 = Release|Any CPU
	EndGlobalSection
	GlobalSection(SolutionProperties) = preSolution
		HideSolutionNode = FALSE
	EndGlobalSection
	GlobalSection(ExtensibilityGlobals) = postSolution
		SolutionGuid = {14398632-18CA-4372-ABB2-A96AAC436608}
	EndGlobalSection
EndGlobal
